// !$*UTF8*$!
{
	archiveVersion = 1;
	classes = {
	};
	objectVersion = 56;
	objects = {

/* Begin PBXBuildFile section */
		58413CE72CB2CECD00D2ADF1 /* SignCardsProductApp.swift in Sources */ = {isa = PBXBuildFile; fileRef = 58413CE62CB2CECD00D2ADF1 /* SignCardsProductApp.swift */; };
		58413CE92CB2CECD00D2ADF1 /* ContentView.swift in Sources */ = {isa = PBXBuildFile; fileRef = 58413CE82CB2CECD00D2ADF1 /* ContentView.swift */; };
		58413CEB2CB2CECE00D2ADF1 /* Assets.xcassets in Resources */ = {isa = PBXBuildFile; fileRef = 58413CEA2CB2CECE00D2ADF1 /* Assets.xcassets */; };
		58413CEE2CB2CECE00D2ADF1 /* Preview Assets.xcassets in Resources */ = {isa = PBXBuildFile; fileRef = 58413CED2CB2CECE00D2ADF1 /* Preview Assets.xcassets */; };
		58413CF82CB2CECE00D2ADF1 /* SignCardsProductTests.swift in Sources */ = {isa = PBXBuildFile; fileRef = 58413CF72CB2CECE00D2ADF1 /* SignCardsProductTests.swift */; };
		58413D022CB2CECE00D2ADF1 /* SignCardsProductUITests.swift in Sources */ = {isa = PBXBuildFile; fileRef = 58413D012CB2CECE00D2ADF1 /* SignCardsProductUITests.swift */; };
		58413D042CB2CECE00D2ADF1 /* SignCardsProductUITestsLaunchTests.swift in Sources */ = {isa = PBXBuildFile; fileRef = 58413D032CB2CECE00D2ADF1 /* SignCardsProductUITestsLaunchTests.swift */; };
		58413D112CB2CF4000D2ADF1 /* HomeScreen.swift in Sources */ = {isa = PBXBuildFile; fileRef = 58413D102CB2CF4000D2ADF1 /* HomeScreen.swift */; };
		58413D132CB2CF7700D2ADF1 /* MyCardScreen.swift in Sources */ = {isa = PBXBuildFile; fileRef = 58413D122CB2CF7700D2ADF1 /* MyCardScreen.swift */; };
		58413D152CB2CFA000D2ADF1 /* AddCardScreen.swift in Sources */ = {isa = PBXBuildFile; fileRef = 58413D142CB2CFA000D2ADF1 /* AddCardScreen.swift */; };
		58413D172CB2CFCD00D2ADF1 /* CardDetailView.swift in Sources */ = {isa = PBXBuildFile; fileRef = 58413D162CB2CFCD00D2ADF1 /* CardDetailView.swift */; };
		58413D192CB2D01800D2ADF1 /* MyCardScreen2.swift in Sources */ = {isa = PBXBuildFile; fileRef = 58413D182CB2D01800D2ADF1 /* MyCardScreen2.swift */; };
		58413D1B2CB2D03F00D2ADF1 /* AddCardScreen2.swift in Sources */ = {isa = PBXBuildFile; fileRef = 58413D1A2CB2D03F00D2ADF1 /* AddCardScreen2.swift */; };
		58413D1D2CB2D06C00D2ADF1 /* CardDetailView2.swift in Sources */ = {isa = PBXBuildFile; fileRef = 58413D1C2CB2D06C00D2ADF1 /* CardDetailView2.swift */; };
		58413D1F2CB2D08E00D2ADF1 /* MyCardScreen3.swift in Sources */ = {isa = PBXBuildFile; fileRef = 58413D1E2CB2D08E00D2ADF1 /* MyCardScreen3.swift */; };
		58413D212CB2D0BB00D2ADF1 /* AddCardScreen3.swift in Sources */ = {isa = PBXBuildFile; fileRef = 58413D202CB2D0BB00D2ADF1 /* AddCardScreen3.swift */; };
		58413D232CB2D0D900D2ADF1 /* CardDetailView3.swift in Sources */ = {isa = PBXBuildFile; fileRef = 58413D222CB2D0D900D2ADF1 /* CardDetailView3.swift */; };
		58413D252CB2D0FC00D2ADF1 /* MyCardScreen4.swift in Sources */ = {isa = PBXBuildFile; fileRef = 58413D242CB2D0FC00D2ADF1 /* MyCardScreen4.swift */; };
		58413D272CB2D11B00D2ADF1 /* AddCardScreen4.swift in Sources */ = {isa = PBXBuildFile; fileRef = 58413D262CB2D11B00D2ADF1 /* AddCardScreen4.swift */; };
		58413D292CB2D16700D2ADF1 /* CardDetailView4.swift in Sources */ = {isa = PBXBuildFile; fileRef = 58413D282CB2D16700D2ADF1 /* CardDetailView4.swift */; };
/* End PBXBuildFile section */

/* Begin PBXContainerItemProxy section */
		58413CF42CB2CECE00D2ADF1 /* PBXContainerItemProxy */ = {
			isa = PBXContainerItemProxy;
			containerPortal = 58413CDB2CB2CECD00D2ADF1 /* Project object */;
			proxyType = 1;
			remoteGlobalIDString = 58413CE22CB2CECD00D2ADF1;
			remoteInfo = SignCardsProduct;
		};
		58413CFE2CB2CECE00D2ADF1 /* PBXContainerItemProxy */ = {
			isa = PBXContainerItemProxy;
			containerPortal = 58413CDB2CB2CECD00D2ADF1 /* Project object */;
			proxyType = 1;
			remoteGlobalIDString = 58413CE22CB2CECD00D2ADF1;
			remoteInfo = SignCardsProduct;
		};
/* End PBXContainerItemProxy section */

/* Begin PBXFileReference section */
		58413CE32CB2CECD00D2ADF1 /* SignCardsProduct.app */ = {isa = PBXFileReference; explicitFileType = wrapper.application; includeInIndex = 0; path = SignCardsProduct.app; sourceTree = BUILT_PRODUCTS_DIR; };
		58413CE62CB2CECD00D2ADF1 /* SignCardsProductApp.swift */ = {isa = PBXFileReference; lastKnownFileType = sourcecode.swift; path = SignCardsProductApp.swift; sourceTree = "<group>"; };
		58413CE82CB2CECD00D2ADF1 /* ContentView.swift */ = {isa = PBXFileReference; lastKnownFileType = sourcecode.swift; path = ContentView.swift; sourceTree = "<group>"; };
		58413CEA2CB2CECE00D2ADF1 /* Assets.xcassets */ = {isa = PBXFileReference; lastKnownFileType = folder.assetcatalog; path = Assets.xcassets; sourceTree = "<group>"; };
		58413CED2CB2CECE00D2ADF1 /* Preview Assets.xcassets */ = {isa = PBXFileReference; lastKnownFileType = folder.assetcatalog; path = "Preview Assets.xcassets"; sourceTree = "<group>"; };
		58413CF32CB2CECE00D2ADF1 /* SignCardsProductTests.xctest */ = {isa = PBXFileReference; explicitFileType = wrapper.cfbundle; includeInIndex = 0; path = SignCardsProductTests.xctest; sourceTree = BUILT_PRODUCTS_DIR; };
		58413CF72CB2CECE00D2ADF1 /* SignCardsProductTests.swift */ = {isa = PBXFileReference; lastKnownFileType = sourcecode.swift; path = SignCardsProductTests.swift; sourceTree = "<group>"; };
		58413CFD2CB2CECE00D2ADF1 /* SignCardsProductUITests.xctest */ = {isa = PBXFileReference; explicitFileType = wrapper.cfbundle; includeInIndex = 0; path = SignCardsProductUITests.xctest; sourceTree = BUILT_PRODUCTS_DIR; };
		58413D012CB2CECE00D2ADF1 /* SignCardsProductUITests.swift */ = {isa = PBXFileReference; lastKnownFileType = sourcecode.swift; path = SignCardsProductUITests.swift; sourceTree = "<group>"; };
		58413D032CB2CECE00D2ADF1 /* SignCardsProductUITestsLaunchTests.swift */ = {isa = PBXFileReference; lastKnownFileType = sourcecode.swift; path = SignCardsProductUITestsLaunchTests.swift; sourceTree = "<group>"; };
		58413D102CB2CF4000D2ADF1 /* HomeScreen.swift */ = {isa = PBXFileReference; lastKnownFileType = sourcecode.swift; path = HomeScreen.swift; sourceTree = "<group>"; };
		58413D122CB2CF7700D2ADF1 /* MyCardScreen.swift */ = {isa = PBXFileReference; lastKnownFileType = sourcecode.swift; path = MyCardScreen.swift; sourceTree = "<group>"; };
		58413D142CB2CFA000D2ADF1 /* AddCardScreen.swift */ = {isa = PBXFileReference; lastKnownFileType = sourcecode.swift; path = AddCardScreen.swift; sourceTree = "<group>"; };
		58413D162CB2CFCD00D2ADF1 /* CardDetailView.swift */ = {isa = PBXFileReference; lastKnownFileType = sourcecode.swift; path = CardDetailView.swift; sourceTree = "<group>"; };
		58413D182CB2D01800D2ADF1 /* MyCardScreen2.swift */ = {isa = PBXFileReference; lastKnownFileType = sourcecode.swift; path = MyCardScreen2.swift; sourceTree = "<group>"; };
		58413D1A2CB2D03F00D2ADF1 /* AddCardScreen2.swift */ = {isa = PBXFileReference; lastKnownFileType = sourcecode.swift; path = AddCardScreen2.swift; sourceTree = "<group>"; };
		58413D1C2CB2D06C00D2ADF1 /* CardDetailView2.swift */ = {isa = PBXFileReference; lastKnownFileType = sourcecode.swift; path = CardDetailView2.swift; sourceTree = "<group>"; };
		58413D1E2CB2D08E00D2ADF1 /* MyCardScreen3.swift */ = {isa = PBXFileReference; lastKnownFileType = sourcecode.swift; path = MyCardScreen3.swift; sourceTree = "<group>"; };
		58413D202CB2D0BB00D2ADF1 /* AddCardScreen3.swift */ = {isa = PBXFileReference; lastKnownFileType = sourcecode.swift; path = AddCardScreen3.swift; sourceTree = "<group>"; };
		58413D222CB2D0D900D2ADF1 /* CardDetailView3.swift */ = {isa = PBXFileReference; lastKnownFileType = sourcecode.swift; path = CardDetailView3.swift; sourceTree = "<group>"; };
		58413D242CB2D0FC00D2ADF1 /* MyCardScreen4.swift */ = {isa = PBXFileReference; lastKnownFileType = sourcecode.swift; path = MyCardScreen4.swift; sourceTree = "<group>"; };
		58413D262CB2D11B00D2ADF1 /* AddCardScreen4.swift */ = {isa = PBXFileReference; lastKnownFileType = sourcecode.swift; path = AddCardScreen4.swift; sourceTree = "<group>"; };
		58413D282CB2D16700D2ADF1 /* CardDetailView4.swift */ = {isa = PBXFileReference; lastKnownFileType = sourcecode.swift; path = CardDetailView4.swift; sourceTree = "<group>"; };
/* End PBXFileReference section */

/* Begin PBXFrameworksBuildPhase section */
		58413CE02CB2CECD00D2ADF1 /* Frameworks */ = {
			isa = PBXFrameworksBuildPhase;
			buildActionMask = 2147483647;
			files = (
			);
			runOnlyForDeploymentPostprocessing = 0;
		};
		58413CF02CB2CECE00D2ADF1 /* Frameworks */ = {
			isa = PBXFrameworksBuildPhase;
			buildActionMask = 2147483647;
			files = (
			);
			runOnlyForDeploymentPostprocessing = 0;
		};
		58413CFA2CB2CECE00D2ADF1 /* Frameworks */ = {
			isa = PBXFrameworksBuildPhase;
			buildActionMask = 2147483647;
			files = (
			);
			runOnlyForDeploymentPostprocessing = 0;
		};
/* End PBXFrameworksBuildPhase section */

/* Begin PBXGroup section */
		58413CDA2CB2CECD00D2ADF1 = {
			isa = PBXGroup;
			children = (
				58413CE52CB2CECD00D2ADF1 /* SignCardsProduct */,
				58413CF62CB2CECE00D2ADF1 /* SignCardsProductTests */,
				58413D002CB2CECE00D2ADF1 /* SignCardsProductUITests */,
				58413CE42CB2CECD00D2ADF1 /* Products */,
			);
			sourceTree = "<group>";
		};
		58413CE42CB2CECD00D2ADF1 /* Products */ = {
			isa = PBXGroup;
			children = (
				58413CE32CB2CECD00D2ADF1 /* SignCardsProduct.app */,
				58413CF32CB2CECE00D2ADF1 /* SignCardsProductTests.xctest */,
				58413CFD2CB2CECE00D2ADF1 /* SignCardsProductUITests.xctest */,
			);
			name = Products;
			sourceTree = "<group>";
		};
		58413CE52CB2CECD00D2ADF1 /* SignCardsProduct */ = {
			isa = PBXGroup;
			children = (
				58413CE62CB2CECD00D2ADF1 /* SignCardsProductApp.swift */,
				58413D102CB2CF4000D2ADF1 /* HomeScreen.swift */,
				58413D122CB2CF7700D2ADF1 /* MyCardScreen.swift */,
				58413D142CB2CFA000D2ADF1 /* AddCardScreen.swift */,
				58413D162CB2CFCD00D2ADF1 /* CardDetailView.swift */,
				58413D182CB2D01800D2ADF1 /* MyCardScreen2.swift */,
				58413D1A2CB2D03F00D2ADF1 /* AddCardScreen2.swift */,
				58413D1C2CB2D06C00D2ADF1 /* CardDetailView2.swift */,
				58413D1E2CB2D08E00D2ADF1 /* MyCardScreen3.swift */,
				58413D202CB2D0BB00D2ADF1 /* AddCardScreen3.swift */,
				58413D222CB2D0D900D2ADF1 /* CardDetailView3.swift */,
				58413D242CB2D0FC00D2ADF1 /* MyCardScreen4.swift */,
				58413D262CB2D11B00D2ADF1 /* AddCardScreen4.swift */,
				58413D282CB2D16700D2ADF1 /* CardDetailView4.swift */,
				58413CE82CB2CECD00D2ADF1 /* ContentView.swift */,
				58413CEA2CB2CECE00D2ADF1 /* Assets.xcassets */,
				58413CEC2CB2CECE00D2ADF1 /* Preview Content */,
			);
			path = SignCardsProduct;
			sourceTree = "<group>";
		};
		58413CEC2CB2CECE00D2ADF1 /* Preview Content */ = {
			isa = PBXGroup;
			children = (
				58413CED2CB2CECE00D2ADF1 /* Preview Assets.xcassets */,
			);
			path = "Preview Content";
			sourceTree = "<group>";
		};
		58413CF62CB2CECE00D2ADF1 /* SignCardsProductTests */ = {
			isa = PBXGroup;
			children = (
				58413CF72CB2CECE00D2ADF1 /* SignCardsProductTests.swift */,
			);
			path = SignCardsProductTests;
			sourceTree = "<group>";
		};
		58413D002CB2CECE00D2ADF1 /* SignCardsProductUITests */ = {
			isa = PBXGroup;
			children = (
				58413D012CB2CECE00D2ADF1 /* SignCardsProductUITests.swift */,
				58413D032CB2CECE00D2ADF1 /* SignCardsProductUITestsLaunchTests.swift */,
			);
			path = SignCardsProductUITests;
			sourceTree = "<group>";
		};
/* End PBXGroup section */

/* Begin PBXNativeTarget section */
		58413CE22CB2CECD00D2ADF1 /* SignCardsProduct */ = {
			isa = PBXNativeTarget;
			buildConfigurationList = 58413D072CB2CECE00D2ADF1 /* Build configuration list for PBXNativeTarget "SignCardsProduct" */;
			buildPhases = (
				58413CDF2CB2CECD00D2ADF1 /* Sources */,
				58413CE02CB2CECD00D2ADF1 /* Frameworks */,
				58413CE12CB2CECD00D2ADF1 /* Resources */,
			);
			buildRules = (
			);
			dependencies = (
			);
			name = SignCardsProduct;
			productName = SignCardsProduct;
			productReference = 58413CE32CB2CECD00D2ADF1 /* SignCardsProduct.app */;
			productType = "com.apple.product-type.application";
		};
		58413CF22CB2CECE00D2ADF1 /* SignCardsProductTests */ = {
			isa = PBXNativeTarget;
			buildConfigurationList = 58413D0A2CB2CECE00D2ADF1 /* Build configuration list for PBXNativeTarget "SignCardsProductTests" */;
			buildPhases = (
				58413CEF2CB2CECE00D2ADF1 /* Sources */,
				58413CF02CB2CECE00D2ADF1 /* Frameworks */,
				58413CF12CB2CECE00D2ADF1 /* Resources */,
			);
			buildRules = (
			);
			dependencies = (
				58413CF52CB2CECE00D2ADF1 /* PBXTargetDependency */,
			);
			name = SignCardsProductTests;
			productName = SignCardsProductTests;
			productReference = 58413CF32CB2CECE00D2ADF1 /* SignCardsProductTests.xctest */;
			productType = "com.apple.product-type.bundle.unit-test";
		};
		58413CFC2CB2CECE00D2ADF1 /* SignCardsProductUITests */ = {
			isa = PBXNativeTarget;
			buildConfigurationList = 58413D0D2CB2CECE00D2ADF1 /* Build configuration list for PBXNativeTarget "SignCardsProductUITests" */;
			buildPhases = (
				58413CF92CB2CECE00D2ADF1 /* Sources */,
				58413CFA2CB2CECE00D2ADF1 /* Frameworks */,
				58413CFB2CB2CECE00D2ADF1 /* Resources */,
			);
			buildRules = (
			);
			dependencies = (
				58413CFF2CB2CECE00D2ADF1 /* PBXTargetDependency */,
			);
			name = SignCardsProductUITests;
			productName = SignCardsProductUITests;
			productReference = 58413CFD2CB2CECE00D2ADF1 /* SignCardsProductUITests.xctest */;
			productType = "com.apple.product-type.bundle.ui-testing";
		};
/* End PBXNativeTarget section */

/* Begin PBXProject section */
		58413CDB2CB2CECD00D2ADF1 /* Project object */ = {
			isa = PBXProject;
			attributes = {
				BuildIndependentTargetsInParallel = 1;
				LastSwiftUpdateCheck = 1540;
				LastUpgradeCheck = 1540;
				TargetAttributes = {
					58413CE22CB2CECD00D2ADF1 = {
						CreatedOnToolsVersion = 15.4;
					};
					58413CF22CB2CECE00D2ADF1 = {
						CreatedOnToolsVersion = 15.4;
						TestTargetID = 58413CE22CB2CECD00D2ADF1;
					};
					58413CFC2CB2CECE00D2ADF1 = {
						CreatedOnToolsVersion = 15.4;
						TestTargetID = 58413CE22CB2CECD00D2ADF1;
					};
				};
			};
			buildConfigurationList = 58413CDE2CB2CECD00D2ADF1 /* Build configuration list for PBXProject "SignCardsProduct" */;
			compatibilityVersion = "Xcode 14.0";
			developmentRegion = en;
			hasScannedForEncodings = 0;
			knownRegions = (
				en,
				Base,
			);
			mainGroup = 58413CDA2CB2CECD00D2ADF1;
			productRefGroup = 58413CE42CB2CECD00D2ADF1 /* Products */;
			projectDirPath = "";
			projectRoot = "";
			targets = (
				58413CE22CB2CECD00D2ADF1 /* SignCardsProduct */,
				58413CF22CB2CECE00D2ADF1 /* SignCardsProductTests */,
				58413CFC2CB2CECE00D2ADF1 /* SignCardsProductUITests */,
			);
		};
/* End PBXProject section */

/* Begin PBXResourcesBuildPhase section */
		58413CE12CB2CECD00D2ADF1 /* Resources */ = {
			isa = PBXResourcesBuildPhase;
			buildActionMask = 2147483647;
			files = (
				58413CEE2CB2CECE00D2ADF1 /* Preview Assets.xcassets in Resources */,
				58413CEB2CB2CECE00D2ADF1 /* Assets.xcassets in Resources */,
			);
			runOnlyForDeploymentPostprocessing = 0;
		};
		58413CF12CB2CECE00D2ADF1 /* Resources */ = {
			isa = PBXResourcesBuildPhase;
			buildActionMask = 2147483647;
			files = (
			);
			runOnlyForDeploymentPostprocessing = 0;
		};
		58413CFB2CB2CECE00D2ADF1 /* Resources */ = {
			isa = PBXResourcesBuildPhase;
			buildActionMask = 2147483647;
			files = (
			);
			runOnlyForDeploymentPostprocessing = 0;
		};
/* End PBXResourcesBuildPhase section */

/* Begin PBXSourcesBuildPhase section */
		58413CDF2CB2CECD00D2ADF1 /* Sources */ = {
			isa = PBXSourcesBuildPhase;
			buildActionMask = 2147483647;
			files = (
				58413D212CB2D0BB00D2ADF1 /* AddCardScreen3.swift in Sources */,
				58413D192CB2D01800D2ADF1 /* MyCardScreen2.swift in Sources */,
				58413D1F2CB2D08E00D2ADF1 /* MyCardScreen3.swift in Sources */,
				58413D232CB2D0D900D2ADF1 /* CardDetailView3.swift in Sources */,
				58413D1D2CB2D06C00D2ADF1 /* CardDetailView2.swift in Sources */,
				58413CE92CB2CECD00D2ADF1 /* ContentView.swift in Sources */,
				58413D152CB2CFA000D2ADF1 /* AddCardScreen.swift in Sources */,
				58413D252CB2D0FC00D2ADF1 /* MyCardScreen4.swift in Sources */,
				58413D272CB2D11B00D2ADF1 /* AddCardScreen4.swift in Sources */,
				58413D132CB2CF7700D2ADF1 /* MyCardScreen.swift in Sources */,
				58413D1B2CB2D03F00D2ADF1 /* AddCardScreen2.swift in Sources */,
				58413D172CB2CFCD00D2ADF1 /* CardDetailView.swift in Sources */,
				58413D292CB2D16700D2ADF1 /* CardDetailView4.swift in Sources */,
				58413CE72CB2CECD00D2ADF1 /* SignCardsProductApp.swift in Sources */,
				58413D112CB2CF4000D2ADF1 /* HomeScreen.swift in Sources */,
			);
			runOnlyForDeploymentPostprocessing = 0;
		};
		58413CEF2CB2CECE00D2ADF1 /* Sources */ = {
			isa = PBXSourcesBuildPhase;
			buildActionMask = 2147483647;
			files = (
				58413CF82CB2CECE00D2ADF1 /* SignCardsProductTests.swift in Sources */,
			);
			runOnlyForDeploymentPostprocessing = 0;
		};
		58413CF92CB2CECE00D2ADF1 /* Sources */ = {
			isa = PBXSourcesBuildPhase;
			buildActionMask = 2147483647;
			files = (
				58413D022CB2CECE00D2ADF1 /* SignCardsProductUITests.swift in Sources */,
				58413D042CB2CECE00D2ADF1 /* SignCardsProductUITestsLaunchTests.swift in Sources */,
			);
			runOnlyForDeploymentPostprocessing = 0;
		};
/* End PBXSourcesBuildPhase section */

/* Begin PBXTargetDependency section */
		58413CF52CB2CECE00D2ADF1 /* PBXTargetDependency */ = {
			isa = PBXTargetDependency;
			target = 58413CE22CB2CECD00D2ADF1 /* SignCardsProduct */;
			targetProxy = 58413CF42CB2CECE00D2ADF1 /* PBXContainerItemProxy */;
		};
		58413CFF2CB2CECE00D2ADF1 /* PBXTargetDependency */ = {
			isa = PBXTargetDependency;
			target = 58413CE22CB2CECD00D2ADF1 /* SignCardsProduct */;
			targetProxy = 58413CFE2CB2CECE00D2ADF1 /* PBXContainerItemProxy */;
		};
/* End PBXTargetDependency section */

/* Begin XCBuildConfiguration section */
		58413D052CB2CECE00D2ADF1 /* Debug */ = {
			isa = XCBuildConfiguration;
			buildSettings = {
				ALWAYS_SEARCH_USER_PATHS = NO;
				ASSETCATALOG_COMPILER_GENERATE_SWIFT_ASSET_SYMBOL_EXTENSIONS = YES;
				CLANG_ANALYZER_NONNULL = YES;
				CLANG_ANALYZER_NUMBER_OBJECT_CONVERSION = YES_AGGRESSIVE;
				CLANG_CXX_LANGUAGE_STANDARD = "gnu++20";
				CLANG_ENABLE_MODULES = YES;
				CLANG_ENABLE_OBJC_ARC = YES;
				CLANG_ENABLE_OBJC_WEAK = YES;
				CLANG_WARN_BLOCK_CAPTURE_AUTORELEASING = YES;
				CLANG_WARN_BOOL_CONVERSION = YES;
				CLANG_WARN_COMMA = YES;
				CLANG_WARN_CONSTANT_CONVERSION = YES;
				CLANG_WARN_DEPRECATED_OBJC_IMPLEMENTATIONS = YES;
				CLANG_WARN_DIRECT_OBJC_ISA_USAGE = YES_ERROR;
				CLANG_WARN_DOCUMENTATION_COMMENTS = YES;
				CLANG_WARN_EMPTY_BODY = YES;
				CLANG_WARN_ENUM_CONVERSION = YES;
				CLANG_WARN_INFINITE_RECURSION = YES;
				CLANG_WARN_INT_CONVERSION = YES;
				CLANG_WARN_NON_LITERAL_NULL_CONVERSION = YES;
				CLANG_WARN_OBJC_IMPLICIT_RETAIN_SELF = YES;
				CLANG_WARN_OBJC_LITERAL_CONVERSION = YES;
				CLANG_WARN_OBJC_ROOT_CLASS = YES_ERROR;
				CLANG_WARN_QUOTED_INCLUDE_IN_FRAMEWORK_HEADER = YES;
				CLANG_WARN_RANGE_LOOP_ANALYSIS = YES;
				CLANG_WARN_STRICT_PROTOTYPES = YES;
				CLANG_WARN_SUSPICIOUS_MOVE = YES;
				CLANG_WARN_UNGUARDED_AVAILABILITY = YES_AGGRESSIVE;
				CLANG_WARN_UNREACHABLE_CODE = YES;
				CLANG_WARN__DUPLICATE_METHOD_MATCH = YES;
				COPY_PHASE_STRIP = NO;
				DEBUG_INFORMATION_FORMAT = dwarf;
				ENABLE_STRICT_OBJC_MSGSEND = YES;
				ENABLE_TESTABILITY = YES;
				ENABLE_USER_SCRIPT_SANDBOXING = YES;
				GCC_C_LANGUAGE_STANDARD = gnu17;
				GCC_DYNAMIC_NO_PIC = NO;
				GCC_NO_COMMON_BLOCKS = YES;
				GCC_OPTIMIZATION_LEVEL = 0;
				GCC_PREPROCESSOR_DEFINITIONS = (
					"DEBUG=1",
					"$(inherited)",
				);
				GCC_WARN_64_TO_32_BIT_CONVERSION = YES;
				GCC_WARN_ABOUT_RETURN_TYPE = YES_ERROR;
				GCC_WARN_UNDECLARED_SELECTOR = YES;
				GCC_WARN_UNINITIALIZED_AUTOS = YES_AGGRESSIVE;
				GCC_WARN_UNUSED_FUNCTION = YES;
				GCC_WARN_UNUSED_VARIABLE = YES;
				IPHONEOS_DEPLOYMENT_TARGET = 17.5;
				LOCALIZATION_PREFERS_STRING_CATALOGS = YES;
				MTL_ENABLE_DEBUG_INFO = INCLUDE_SOURCE;
				MTL_FAST_MATH = YES;
				ONLY_ACTIVE_ARCH = YES;
				SDKROOT = iphoneos;
				SWIFT_ACTIVE_COMPILATION_CONDITIONS = "DEBUG $(inherited)";
				SWIFT_OPTIMIZATION_LEVEL = "-Onone";
			};
			name = Debug;
		};
		58413D062CB2CECE00D2ADF1 /* Release */ = {
			isa = XCBuildConfiguration;
			buildSettings = {
				ALWAYS_SEARCH_USER_PATHS = NO;
				ASSETCATALOG_COMPILER_GENERATE_SWIFT_ASSET_SYMBOL_EXTENSIONS = YES;
				CLANG_ANALYZER_NONNULL = YES;
				CLANG_ANALYZER_NUMBER_OBJECT_CONVERSION = YES_AGGRESSIVE;
				CLANG_CXX_LANGUAGE_STANDARD = "gnu++20";
				CLANG_ENABLE_MODULES = YES;
				CLANG_ENABLE_OBJC_ARC = YES;
				CLANG_ENABLE_OBJC_WEAK = YES;
				CLANG_WARN_BLOCK_CAPTURE_AUTORELEASING = YES;
				CLANG_WARN_BOOL_CONVERSION = YES;
				CLANG_WARN_COMMA = YES;
				CLANG_WARN_CONSTANT_CONVERSION = YES;
				CLANG_WARN_DEPRECATED_OBJC_IMPLEMENTATIONS = YES;
				CLANG_WARN_DIRECT_OBJC_ISA_USAGE = YES_ERROR;
				CLANG_WARN_DOCUMENTATION_COMMENTS = YES;
				CLANG_WARN_EMPTY_BODY = YES;
				CLANG_WARN_ENUM_CONVERSION = YES;
				CLANG_WARN_INFINITE_RECURSION = YES;
				CLANG_WARN_INT_CONVERSION = YES;
				CLANG_WARN_NON_LITERAL_NULL_CONVERSION = YES;
				CLANG_WARN_OBJC_IMPLICIT_RETAIN_SELF = YES;
				CLANG_WARN_OBJC_LITERAL_CONVERSION = YES;
				CLANG_WARN_OBJC_ROOT_CLASS = YES_ERROR;
				CLANG_WARN_QUOTED_INCLUDE_IN_FRAMEWORK_HEADER = YES;
				CLANG_WARN_RANGE_LOOP_ANALYSIS = YES;
				CLANG_WARN_STRICT_PROTOTYPES = YES;
				CLANG_WARN_SUSPICIOUS_MOVE = YES;
				CLANG_WARN_UNGUARDED_AVAILABILITY = YES_AGGRESSIVE;
				CLANG_WARN_UNREACHABLE_CODE = YES;
				CLANG_WARN__DUPLICATE_METHOD_MATCH = YES;
				COPY_PHASE_STRIP = NO;
				DEBUG_INFORMATION_FORMAT = "dwarf-with-dsym";
				ENABLE_NS_ASSERTIONS = NO;
				ENABLE_STRICT_OBJC_MSGSEND = YES;
				ENABLE_USER_SCRIPT_SANDBOXING = YES;
				GCC_C_LANGUAGE_STANDARD = gnu17;
				GCC_NO_COMMON_BLOCKS = YES;
				GCC_WARN_64_TO_32_BIT_CONVERSION = YES;
				GCC_WARN_ABOUT_RETURN_TYPE = YES_ERROR;
				GCC_WARN_UNDECLARED_SELECTOR = YES;
				GCC_WARN_UNINITIALIZED_AUTOS = YES_AGGRESSIVE;
				GCC_WARN_UNUSED_FUNCTION = YES;
				GCC_WARN_UNUSED_VARIABLE = YES;
				IPHONEOS_DEPLOYMENT_TARGET = 17.5;
				LOCALIZATION_PREFERS_STRING_CATALOGS = YES;
				MTL_ENABLE_DEBUG_INFO = NO;
				MTL_FAST_MATH = YES;
				SDKROOT = iphoneos;
				SWIFT_COMPILATION_MODE = wholemodule;
				VALIDATE_PRODUCT = YES;
			};
			name = Release;
		};
		58413D082CB2CECE00D2ADF1 /* Debug */ = {
			isa = XCBuildConfiguration;
			buildSettings = {
				ASSETCATALOG_COMPILER_APPICON_NAME = AppIcon;
				ASSETCATALOG_COMPILER_GLOBAL_ACCENT_COLOR_NAME = AccentColor;
				CODE_SIGN_STYLE = Automatic;
				CURRENT_PROJECT_VERSION = 1;
				DEVELOPMENT_ASSET_PATHS = "\"SignCardsProduct/Preview Content\"";
				ENABLE_PREVIEWS = YES;
				GENERATE_INFOPLIST_FILE = YES;
				INFOPLIST_KEY_UIApplicationSceneManifest_Generation = YES;
				INFOPLIST_KEY_UIApplicationSupportsIndirectInputEvents = YES;
				INFOPLIST_KEY_UILaunchScreen_Generation = YES;
				INFOPLIST_KEY_UISupportedInterfaceOrientations_iPad = "UIInterfaceOrientationPortrait UIInterfaceOrientationPortraitUpsideDown UIInterfaceOrientationLandscapeLeft UIInterfaceOrientationLandscapeRight";
				INFOPLIST_KEY_UISupportedInterfaceOrientations_iPhone = "UIInterfaceOrientationPortrait UIInterfaceOrientationLandscapeLeft UIInterfaceOrientationLandscapeRight";
				LD_RUNPATH_SEARCH_PATHS = (
					"$(inherited)",
					"@executable_path/Frameworks",
				);
				MARKETING_VERSION = 1.0;
				PRODUCT_BUNDLE_IDENTIFIER = smayah.SignCardsProduct;
				PRODUCT_NAME = "$(TARGET_NAME)";
				SWIFT_EMIT_LOC_STRINGS = YES;
				SWIFT_VERSION = 5.0;
				TARGETED_DEVICE_FAMILY = "1,2";
			};
			name = Debug;
		};
		58413D092CB2CECE00D2ADF1 /* Release */ = {
			isa = XCBuildConfiguration;
			buildSettings = {
				ASSETCATALOG_COMPILER_APPICON_NAME = AppIcon;
				ASSETCATALOG_COMPILER_GLOBAL_ACCENT_COLOR_NAME = AccentColor;
				CODE_SIGN_STYLE = Automatic;
				CURRENT_PROJECT_VERSION = 1;
				DEVELOPMENT_ASSET_PATHS = "\"SignCardsProduct/Preview Content\"";
				ENABLE_PREVIEWS = YES;
				GENERATE_INFOPLIST_FILE = YES;
				INFOPLIST_KEY_UIApplicationSceneManifest_Generation = YES;
				INFOPLIST_KEY_UIApplicationSupportsIndirectInputEvents = YES;
				INFOPLIST_KEY_UILaunchScreen_Generation = YES;
				INFOPLIST_KEY_UISupportedInterfaceOrientations_iPad = "UIInterfaceOrientationPortrait UIInterfaceOrientationPortraitUpsideDown UIInterfaceOrientationLandscapeLeft UIInterfaceOrientationLandscapeRight";
				INFOPLIST_KEY_UISupportedInterfaceOrientations_iPhone = "UIInterfaceOrientationPortrait UIInterfaceOrientationLandscapeLeft UIInterfaceOrientationLandscapeRight";
				LD_RUNPATH_SEARCH_PATHS = (
					"$(inherited)",
					"@executable_path/Frameworks",
				);
				MARKETING_VERSION = 1.0;
				PRODUCT_BUNDLE_IDENTIFIER = smayah.SignCardsProduct;
				PRODUCT_NAME = "$(TARGET_NAME)";
				SWIFT_EMIT_LOC_STRINGS = YES;
				SWIFT_VERSION = 5.0;
				TARGETED_DEVICE_FAMILY = "1,2";
			};
			name = Release;
		};
		58413D0B2CB2CECE00D2ADF1 /* Debug */ = {
			isa = XCBuildConfiguration;
			buildSettings = {
				ALWAYS_EMBED_SWIFT_STANDARD_LIBRARIES = YES;
				BUNDLE_LOADER = "$(TEST_HOST)";
				CODE_SIGN_STYLE = Automatic;
				CURRENT_PROJECT_VERSION = 1;
				GENERATE_INFOPLIST_FILE = YES;
				IPHONEOS_DEPLOYMENT_TARGET = 17.5;
				MARKETING_VERSION = 1.0;
				PRODUCT_BUNDLE_IDENTIFIER = smayah.SignCardsProductTests;
				PRODUCT_NAME = "$(TARGET_NAME)";
				SWIFT_EMIT_LOC_STRINGS = NO;
				SWIFT_VERSION = 5.0;
				TARGETED_DEVICE_FAMILY = "1,2";
				TEST_HOST = "$(BUILT_PRODUCTS_DIR)/SignCardsProduct.app/$(BUNDLE_EXECUTABLE_FOLDER_PATH)/SignCardsProduct";
			};
			name = Debug;
		};
		58413D0C2CB2CECE00D2ADF1 /* Release */ = {
			isa = XCBuildConfiguration;
			buildSettings = {
				ALWAYS_EMBED_SWIFT_STANDARD_LIBRARIES = YES;
				BUNDLE_LOADER = "$(TEST_HOST)";
				CODE_SIGN_STYLE = Automatic;
				CURRENT_PROJECT_VERSION = 1;
				GENERATE_INFOPLIST_FILE = YES;
				IPHONEOS_DEPLOYMENT_TARGET = 17.5;
				MARKETING_VERSION = 1.0;
				PRODUCT_BUNDLE_IDENTIFIER = smayah.SignCardsProductTests;
				PRODUCT_NAME = "$(TARGET_NAME)";
				SWIFT_EMIT_LOC_STRINGS = NO;
				SWIFT_VERSION = 5.0;
				TARGETED_DEVICE_FAMILY = "1,2";
				TEST_HOST = "$(BUILT_PRODUCTS_DIR)/SignCardsProduct.app/$(BUNDLE_EXECUTABLE_FOLDER_PATH)/SignCardsProduct";
			};
			name = Release;
		};
		58413D0E2CB2CECE00D2ADF1 /* Debug */ = {
			isa = XCBuildConfiguration;
			buildSettings = {
				ALWAYS_EMBED_SWIFT_STANDARD_LIBRARIES = YES;
				CODE_SIGN_STYLE = Automatic;
				CURRENT_PROJECT_VERSION = 1;
				GENERATE_INFOPLIST_FILE = YES;
				MARKETING_VERSION = 1.0;
				PRODUCT_BUNDLE_IDENTIFIER = smayah.SignCardsProductUITests;
				PRODUCT_NAME = "$(TARGET_NAME)";
				SWIFT_EMIT_LOC_STRINGS = NO;
				SWIFT_VERSION = 5.0;
				TARGETED_DEVICE_FAMILY = "1,2";
				TEST_TARGET_NAME = SignCardsProduct;
			};
			name = Debug;
		};
		58413D0F2CB2CECE00D2ADF1 /* Release */ = {
			isa = XCBuildConfiguration;
			buildSettings = {
				ALWAYS_EMBED_SWIFT_STANDARD_LIBRARIES = YES;
				CODE_SIGN_STYLE = Automatic;
				CURRENT_PROJECT_VERSION = 1;
				GENERATE_INFOPLIST_FILE = YES;
				MARKETING_VERSION = 1.0;
				PRODUCT_BUNDLE_IDENTIFIER = smayah.SignCardsProductUITests;
				PRODUCT_NAME = "$(TARGET_NAME)";
				SWIFT_EMIT_LOC_STRINGS = NO;
				SWIFT_VERSION = 5.0;
				TARGETED_DEVICE_FAMILY = "1,2";
				TEST_TARGET_NAME = SignCardsProduct;
			};
			name = Release;
		};
/* End XCBuildConfiguration section */

/* Begin XCConfigurationList section */
		58413CDE2CB2CECD00D2ADF1 /* Build configuration list for PBXProject "SignCardsProduct" */ = {
			isa = XCConfigurationList;
			buildConfigurations = (
				58413D052CB2CECE00D2ADF1 /* Debug */,
				58413D062CB2CECE00D2ADF1 /* Release */,
			);
			defaultConfigurationIsVisible = 0;
			defaultConfigurationName = Release;
		};
		58413D072CB2CECE00D2ADF1 /* Build configuration list for PBXNativeTarget "SignCardsProduct" */ = {
			isa = XCConfigurationList;
			buildConfigurations = (
				58413D082CB2CECE00D2ADF1 /* Debug */,
				58413D092CB2CECE00D2ADF1 /* Release */,
			);
			defaultConfigurationIsVisible = 0;
			defaultConfigurationName = Release;
		};
		58413D0A2CB2CECE00D2ADF1 /* Build configuration list for PBXNativeTarget "SignCardsProductTests" */ = {
			isa = XCConfigurationList;
			buildConfigurations = (
				58413D0B2CB2CECE00D2ADF1 /* Debug */,
				58413D0C2CB2CECE00D2ADF1 /* Release */,
			);
			defaultConfigurationIsVisible = 0;
			defaultConfigurationName = Release;
		};
		58413D0D2CB2CECE00D2ADF1 /* Build configuration list for PBXNativeTarget "SignCardsProductUITests" */ = {
			isa = XCConfigurationList;
			buildConfigurations = (
				58413D0E2CB2CECE00D2ADF1 /* Debug */,
				58413D0F2CB2CECE00D2ADF1 /* Release */,
			);
			defaultConfigurationIsVisible = 0;
			defaultConfigurationName = Release;
		};
/* End XCConfigurationList section */
	};
	rootObject = 58413CDB2CB2CECD00D2ADF1 /* Project object */;
}
